
Microsoft Visual Studio Solution File, Format Version 12.00
Project("{FAE04EC0-301F-11D3-BF4B-00C04F79EFBC}") = "Mostlylucid", "Mostlylucid\Mostlylucid.csproj", "{8E41D6C3-E042-4C06-B700-A00D6210B0E7}"
EndProject
Project("{2150E333-8FDC-42A3-9474-1A3956D46DE8}") = "Solution Items", "Solution Items", "{3BB90B7A-9D1A-4BF7-B070-5940BDC00C3A}"
	ProjectSection(SolutionItems) = preProject
		README.md = README.md
		docker-compose.yml = docker-compose.yml
		.env = .env
		devdeps-docker-compose.yml = devdeps-docker-compose.yml
		UmamiAPI.http = UmamiAPI.http
		http-client.private.env.json = http-client.private.env.json
		opensearch-docker.yml = opensearch-docker.yml
		.dockerignore = .dockerignore
		seq-compose.yml = seq-compose.yml
		.github\workflows\docker-image.yml = .github\workflows\docker-image.yml
		.github\workflows\main.yml = .github\workflows\main.yml
		prometheus-compose.yml = prometheus-compose.yml
		prometheus.yml = prometheus.yml
		.github\workflows\publish-npm.yml = .github\workflows\publish-npm.yml
		.gitignore = .gitignore
		Caddyfile = Caddyfile
		.github\workflows\release-datasummarizer.yml = .github\workflows\release-datasummarizer.yml
	EndProjectSection
EndProject
Project("{FAE04EC0-301F-11D3-BF4B-00C04F79EFBC}") = "Umami.Net", "Umami.Net\Umami.Net.csproj", "{E167AB80-9826-4D98-88AA-1BCC4C35E45A}"
EndProject
Project("{FAE04EC0-301F-11D3-BF4B-00C04F79EFBC}") = "Mostlylucid.Test", "Mostlylucid.Test\Mostlylucid.Test.csproj", "{DCE2F1E5-F366-4A6A-A92D-F3824B0CD0EF}"
EndProject
Project("{FAE04EC0-301F-11D3-BF4B-00C04F79EFBC}") = "Umami.Net.Test", "Umami.Net.Test\Umami.Net.Test.csproj", "{B054AEB3-622E-48ED-8E4F-1E5C51F8E751}"
EndProject
Project("{FAE04EC0-301F-11D3-BF4B-00C04F79EFBC}") = "Umami.Net.LiveTest", "Umami.Net.LiveTest\Umami.Net.LiveTest.csproj", "{E60ED87F-5FDF-4423-ADE4-0A01CB749F9A}"
EndProject
Project("{FAE04EC0-301F-11D3-BF4B-00C04F79EFBC}") = "Mostlylucid.SchedulerService", "Mostlylucid.SchedulerService\Mostlylucid.SchedulerService.csproj", "{EB7D6A11-EC55-4961-A3E0-CC6C3347B8BB}"
EndProject
Project("{FAE04EC0-301F-11D3-BF4B-00C04F79EFBC}") = "Mostlylucid.DbContext", "Mostlylucid.DbContext\Mostlylucid.DbContext.csproj", "{3C9AB66F-0874-4343-AC02-5B3D593D57FF}"
EndProject
Project("{FAE04EC0-301F-11D3-BF4B-00C04F79EFBC}") = "Mostlylucid.Shared", "Mostlylucid.Shared\Mostlylucid.Shared.csproj", "{D0CBAD51-D90A-448A-BA9A-F84BFCC3FCE2}"
EndProject
Project("{FAE04EC0-301F-11D3-BF4B-00C04F79EFBC}") = "Mostlylucid.Services", "Mostlylucid.Services\Mostlylucid.Services.csproj", "{E105AFEF-8D57-49E3-AC55-1EBC82E16C63}"
EndProject
Project("{FAE04EC0-301F-11D3-BF4B-00C04F79EFBC}") = "Mostlylucid.Service.Test", "Mostlylucid.Service.Test\Mostlylucid.Service.Test.csproj", "{18C5C16D-C035-4016-9191-23EA0D226E1E}"
EndProject
Project("{FAE04EC0-301F-11D3-BF4B-00C04F79EFBC}") = "Mostlylucid.Markdig.FetchExtension", "Mostlylucid.Markdig.FetchExtension\Mostlylucid.Markdig.FetchExtension.csproj", "{5F253E14-A01A-4655-8F65-9AD89EE20B84}"
EndProject
Project("{FAE04EC0-301F-11D3-BF4B-00C04F79EFBC}") = "Mostlylucid.Markdig.FetchExtension.Demo", "Mostlylucid.Markdig.FetchExtension.Demo\Mostlylucid.Markdig.FetchExtension.Demo.csproj", "{6707EB3E-965D-4165-9303-0C909D2BEAF0}"
EndProject
Project("{FAE04EC0-301F-11D3-BF4B-00C04F79EFBC}") = "Mostlylucid.Markdig.FetchExtension.Tests", "Mostlylucid.Markdig.FetchExtension.Tests\Mostlylucid.Markdig.FetchExtension.Tests.csproj", "{403700F1-6104-46AE-B32A-6C80C4452078}"
EndProject
Project("{FAE04EC0-301F-11D3-BF4B-00C04F79EFBC}") = "Mostlylucid.Markdig.FetchExtension.Sqlite", "Mostlylucid.Markdig.FetchExtension.Sqlite\Mostlylucid.Markdig.FetchExtension.Sqlite.csproj", "{F180FF5A-458F-457E-899A-74265BF564D6}"
EndProject
Project("{FAE04EC0-301F-11D3-BF4B-00C04F79EFBC}") = "Mostlylucid.Markdig.FetchExtension.Postgres", "Mostlylucid.Markdig.FetchExtension.Postgres\Mostlylucid.Markdig.FetchExtension.Postgres.csproj", "{137F971A-B0CF-4D2D-A5CC-E540037AFD1D}"
EndProject
Project("{FAE04EC0-301F-11D3-BF4B-00C04F79EFBC}") = "Mostlylucid.Markdig.FetchExtension.SqlServer", "Mostlylucid.Markdig.FetchExtension.SqlServer\Mostlylucid.Markdig.FetchExtension.SqlServer.csproj", "{9FF2EA62-AAD0-4B96-BD25-BE6C8F65D979}"
EndProject
Project("{FAE04EC0-301F-11D3-BF4B-00C04F79EFBC}") = "Mostlylucid.BlogLLM.Api", "mostlylucid.blogllm.api\Mostlylucid.BlogLLM.Api.csproj", "{A8F9E6D2-1234-4567-89AB-CDEF01234567}"
EndProject
Project("{FAE04EC0-301F-11D3-BF4B-00C04F79EFBC}") = "Mostlylucid.SecureChat.Demo", "Mostlylucid.SecureChat.Demo\Mostlylucid.SecureChat.Demo.csproj", "{C1A2B3C4-D5E6-4F7A-8B9C-0D1E2F3A4B5C}"
EndProject
Project("{FAE04EC0-301F-11D3-BF4B-00C04F79EFBC}") = "Mostlylucid.Markdig.Extensions", "Mostlylucid.Markdig.Extensions\Mostlylucid.Markdig.Extensions.csproj", "{1E1E11E6-ED0E-4AB0-BF25-168181B65588}"
EndProject
Project("{FAE04EC0-301F-11D3-BF4B-00C04F79EFBC}") = "Mostlylucid.Workflow.Engine", "Mostlylucid.Workflow.Engine\Mostlylucid.Workflow.Engine.csproj", "{748102AD-A622-4F39-8093-3625A7E3DC37}"
EndProject
Project("{FAE04EC0-301F-11D3-BF4B-00C04F79EFBC}") = "Mostlylucid.Workflow.Demo", "Mostlylucid.Workflow.Demo\Mostlylucid.Workflow.Demo.csproj", "{437E1956-AE32-4706-B911-0060546219DB}"
EndProject
Project("{FAE04EC0-301F-11D3-BF4B-00C04F79EFBC}") = "Mostlylucid.Workflow.Shared", "Mostlylucid.Workflow.Shared\Mostlylucid.Workflow.Shared.csproj", "{35B7A915-D464-417A-8C1B-4207F30A9E97}"
EndProject
Project("{FAE04EC0-301F-11D3-BF4B-00C04F79EFBC}") = "Mostlylucid.SemanticSearch", "Mostlylucid.SemanticSearch\Mostlylucid.SemanticSearch.csproj", "{7A8B9C0D-1E2F-3A4B-5C6D-7E8F9A0B1C2D}"
EndProject
Project("{FAE04EC0-301F-11D3-BF4B-00C04F79EFBC}") = "Mostlylucid.SentimentAnalysis", "Mostlylucid.SentimentAnalysis\Mostlylucid.SentimentAnalysis.csproj", "{8B9C0D1E-2F3A-4B5C-6D7E-8F9A0B1C2D3E}"
EndProject
Project("{FAE04EC0-301F-11D3-BF4B-00C04F79EFBC}") = "Mostlylucid.Announcement.Manager.Test", "Mostlylucid.Announcement.Manager.Test\Mostlylucid.Announcement.Manager.Test.csproj", "{239932FC-DEBC-4792-8425-04BF21D8D20C}"
EndProject
Project("{FAE04EC0-301F-11D3-BF4B-00C04F79EFBC}") = "Mostlylucid.Announcement.Service.Test", "Mostlylucid.Announcement.Service.Test\Mostlylucid.Announcement.Service.Test.csproj", "{A21B4396-E853-4CD7-A5C1-43F4C97C5331}"
EndProject
Project("{FAE04EC0-301F-11D3-BF4B-00C04F79EFBC}") = "Mostlylucid.MinimalBlog", "Mostlylucid.MinimalBlog\Mostlylucid.MinimalBlog.csproj", "{12345678-ABCD-1234-ABCD-1234567890AB}"
EndProject
Project("{FAE04EC0-301F-11D3-BF4B-00C04F79EFBC}") = "Mostlylucid.Referrers", "Mostlylucid.Referrers\Mostlylucid.Referrers.csproj", "{14952C1C-C2BF-4345-87FB-08F2F39509AD}"
EndProject
Project("{2150E333-8FDC-42A3-9474-1A3956D46DE8}") = "blog", "blog", "{E903038C-2864-4E68-942D-CBA700538164}"
EndProject
Project("{FAE04EC0-301F-11D3-BF4B-00C04F79EFBC}") = "Mostlylucid.CsvLlm", "Mostlylucid.CsvLlm\Mostlylucid.CsvLlm.csproj", "{CE3FA5DB-39FE-4842-985C-039757E96C49}"
EndProject
Project("{FAE04EC0-301F-11D3-BF4B-00C04F79EFBC}") = "Mostlylucid.LlmWebFetcher", "Mostlylucid.LlmWebFetcher\Mostlylucid.LlmWebFetcher.csproj", "{EBA2E610-B10A-44D8-9AF0-1D7A7F48B36B}"
EndProject
Project("{FAE04EC0-301F-11D3-BF4B-00C04F79EFBC}") = "Mostlylucid.DocSummarizer", "Mostlylucid.DocSummarizer\Mostlylucid.DocSummarizer.csproj", "{DF808644-F4D7-4881-A4EA-A035CF1C7988}"
EndProject
Project("{FAE04EC0-301F-11D3-BF4B-00C04F79EFBC}") = "Mostlylucid.DataSummarizer", "Mostlylucid.DataSummarizer\Mostlylucid.DataSummarizer.csproj", "{5BB5EC43-5EF6-4FC9-878A-1F30E2930CCF}"
EndProject
Project("{2150E333-8FDC-42A3-9474-1A3956D46DE8}") = "SegmentCommerce", "SegmentCommerce", "{2C20A17E-D561-4403-9E29-7218E34150F1}"
EndProject
Project("{2150E333-8FDC-42A3-9474-1A3956D46DE8}") = "Summarizers", "Summarizers", "{2A9DC317-7F4C-46CC-B84A-B0D46F88B070}"
EndProject
Project("{FAE04EC0-301F-11D3-BF4B-00C04F79EFBC}") = "Mostlylucid.SegmentCommerce", "Mostlylucid.SegmentCommerce\Mostlylucid.SegmentCommerce.csproj", "{35A5F3CE-4BBA-4B9D-804B-5526A2A6911F}"
EndProject
Project("{FAE04EC0-301F-11D3-BF4B-00C04F79EFBC}") = "Mostlylucid.SegmentCommerce.SampleData", "Mostlylucid.SegmentCommerce.SampleData\Mostlylucid.SegmentCommerce.SampleData.csproj", "{8FD343A9-23D3-4FD4-9D96-AD18ABFEF4EB}"
EndProject
Project("{FAE04EC0-301F-11D3-BF4B-00C04F79EFBC}") = "Mostlylucid.SegmentCommerce.Tests", "Mostlylucid.SegmentCommerce.Tests\Mostlylucid.SegmentCommerce.Tests.csproj", "{76553D6C-24A5-4FA5-AE0C-75AE0470F692}"
EndProject
Project("{FAE04EC0-301F-11D3-BF4B-00C04F79EFBC}") = "Mostlylucid.DocSummarizer.Core", "Mostlylucid.DocSummarizer.Core\Mostlylucid.DocSummarizer.Core.csproj", "{155BB24E-D306-43F1-90E1-EC9C58542BF0}"
EndProject
Project("{FAE04EC0-301F-11D3-BF4B-00C04F79EFBC}") = "Mostlylucid.DocSummarizer.TestConsole", "Mostlylucid.DocSummarizer.TestConsole\Mostlylucid.DocSummarizer.TestConsole.csproj", "{9A2A486B-060F-4456-B4EA-46EB7FBEEAC6}"
EndProject
Global
	GlobalSection(SolutionConfigurationPlatforms) = preSolution
		Debug|Any CPU = Debug|Any CPU
		Debug|x64 = Debug|x64
		Debug|x86 = Debug|x86
		Release|Any CPU = Release|Any CPU
		Release|x64 = Release|x64
		Release|x86 = Release|x86
	EndGlobalSection
	GlobalSection(ProjectConfigurationPlatforms) = postSolution
		{8E41D6C3-E042-4C06-B700-A00D6210B0E7}.Debug|Any CPU.ActiveCfg = Debug|Any CPU
		{8E41D6C3-E042-4C06-B700-A00D6210B0E7}.Debug|Any CPU.Build.0 = Debug|Any CPU
		{8E41D6C3-E042-4C06-B700-A00D6210B0E7}.Debug|x64.ActiveCfg = Debug|Any CPU
		{8E41D6C3-E042-4C06-B700-A00D6210B0E7}.Debug|x64.Build.0 = Debug|Any CPU
		{8E41D6C3-E042-4C06-B700-A00D6210B0E7}.Debug|x86.ActiveCfg = Debug|Any CPU
		{8E41D6C3-E042-4C06-B700-A00D6210B0E7}.Debug|x86.Build.0 = Debug|Any CPU
		{8E41D6C3-E042-4C06-B700-A00D6210B0E7}.Release|Any CPU.ActiveCfg = Release|Any CPU
		{8E41D6C3-E042-4C06-B700-A00D6210B0E7}.Release|Any CPU.Build.0 = Release|Any CPU
		{8E41D6C3-E042-4C06-B700-A00D6210B0E7}.Release|x64.ActiveCfg = Release|Any CPU
		{8E41D6C3-E042-4C06-B700-A00D6210B0E7}.Release|x64.Build.0 = Release|Any CPU
		{8E41D6C3-E042-4C06-B700-A00D6210B0E7}.Release|x86.ActiveCfg = Release|Any CPU
		{8E41D6C3-E042-4C06-B700-A00D6210B0E7}.Release|x86.Build.0 = Release|Any CPU
		{E167AB80-9826-4D98-88AA-1BCC4C35E45A}.Debug|Any CPU.ActiveCfg = Debug|Any CPU
		{E167AB80-9826-4D98-88AA-1BCC4C35E45A}.Debug|Any CPU.Build.0 = Debug|Any CPU
		{E167AB80-9826-4D98-88AA-1BCC4C35E45A}.Debug|x64.ActiveCfg = Debug|Any CPU
		{E167AB80-9826-4D98-88AA-1BCC4C35E45A}.Debug|x64.Build.0 = Debug|Any CPU
		{E167AB80-9826-4D98-88AA-1BCC4C35E45A}.Debug|x86.ActiveCfg = Debug|Any CPU
		{E167AB80-9826-4D98-88AA-1BCC4C35E45A}.Debug|x86.Build.0 = Debug|Any CPU
		{E167AB80-9826-4D98-88AA-1BCC4C35E45A}.Release|Any CPU.ActiveCfg = Release|Any CPU
		{E167AB80-9826-4D98-88AA-1BCC4C35E45A}.Release|Any CPU.Build.0 = Release|Any CPU
		{E167AB80-9826-4D98-88AA-1BCC4C35E45A}.Release|x64.ActiveCfg = Release|Any CPU
		{E167AB80-9826-4D98-88AA-1BCC4C35E45A}.Release|x64.Build.0 = Release|Any CPU
		{E167AB80-9826-4D98-88AA-1BCC4C35E45A}.Release|x86.ActiveCfg = Release|Any CPU
		{E167AB80-9826-4D98-88AA-1BCC4C35E45A}.Release|x86.Build.0 = Release|Any CPU
		{DCE2F1E5-F366-4A6A-A92D-F3824B0CD0EF}.Debug|Any CPU.ActiveCfg = Debug|Any CPU
		{DCE2F1E5-F366-4A6A-A92D-F3824B0CD0EF}.Debug|Any CPU.Build.0 = Debug|Any CPU
		{DCE2F1E5-F366-4A6A-A92D-F3824B0CD0EF}.Debug|x64.ActiveCfg = Debug|Any CPU
		{DCE2F1E5-F366-4A6A-A92D-F3824B0CD0EF}.Debug|x64.Build.0 = Debug|Any CPU
		{DCE2F1E5-F366-4A6A-A92D-F3824B0CD0EF}.Debug|x86.ActiveCfg = Debug|Any CPU
		{DCE2F1E5-F366-4A6A-A92D-F3824B0CD0EF}.Debug|x86.Build.0 = Debug|Any CPU
		{DCE2F1E5-F366-4A6A-A92D-F3824B0CD0EF}.Release|Any CPU.ActiveCfg = Release|Any CPU
		{DCE2F1E5-F366-4A6A-A92D-F3824B0CD0EF}.Release|Any CPU.Build.0 = Release|Any CPU
		{DCE2F1E5-F366-4A6A-A92D-F3824B0CD0EF}.Release|x64.ActiveCfg = Release|Any CPU
		{DCE2F1E5-F366-4A6A-A92D-F3824B0CD0EF}.Release|x64.Build.0 = Release|Any CPU
		{DCE2F1E5-F366-4A6A-A92D-F3824B0CD0EF}.Release|x86.ActiveCfg = Release|Any CPU
		{DCE2F1E5-F366-4A6A-A92D-F3824B0CD0EF}.Release|x86.Build.0 = Release|Any CPU
		{B054AEB3-622E-48ED-8E4F-1E5C51F8E751}.Debug|Any CPU.ActiveCfg = Debug|Any CPU
		{B054AEB3-622E-48ED-8E4F-1E5C51F8E751}.Debug|Any CPU.Build.0 = Debug|Any CPU
		{B054AEB3-622E-48ED-8E4F-1E5C51F8E751}.Debug|x64.ActiveCfg = Debug|Any CPU
		{B054AEB3-622E-48ED-8E4F-1E5C51F8E751}.Debug|x64.Build.0 = Debug|Any CPU
		{B054AEB3-622E-48ED-8E4F-1E5C51F8E751}.Debug|x86.ActiveCfg = Debug|Any CPU
		{B054AEB3-622E-48ED-8E4F-1E5C51F8E751}.Debug|x86.Build.0 = Debug|Any CPU
		{B054AEB3-622E-48ED-8E4F-1E5C51F8E751}.Release|Any CPU.ActiveCfg = Release|Any CPU
		{B054AEB3-622E-48ED-8E4F-1E5C51F8E751}.Release|Any CPU.Build.0 = Release|Any CPU
		{B054AEB3-622E-48ED-8E4F-1E5C51F8E751}.Release|x64.ActiveCfg = Release|Any CPU
		{B054AEB3-622E-48ED-8E4F-1E5C51F8E751}.Release|x64.Build.0 = Release|Any CPU
		{B054AEB3-622E-48ED-8E4F-1E5C51F8E751}.Release|x86.ActiveCfg = Release|Any CPU
		{B054AEB3-622E-48ED-8E4F-1E5C51F8E751}.Release|x86.Build.0 = Release|Any CPU
		{E60ED87F-5FDF-4423-ADE4-0A01CB749F9A}.Debug|Any CPU.ActiveCfg = Debug|Any CPU
		{E60ED87F-5FDF-4423-ADE4-0A01CB749F9A}.Debug|Any CPU.Build.0 = Debug|Any CPU
		{E60ED87F-5FDF-4423-ADE4-0A01CB749F9A}.Debug|x64.ActiveCfg = Debug|Any CPU
		{E60ED87F-5FDF-4423-ADE4-0A01CB749F9A}.Debug|x64.Build.0 = Debug|Any CPU
		{E60ED87F-5FDF-4423-ADE4-0A01CB749F9A}.Debug|x86.ActiveCfg = Debug|Any CPU
		{E60ED87F-5FDF-4423-ADE4-0A01CB749F9A}.Debug|x86.Build.0 = Debug|Any CPU
		{E60ED87F-5FDF-4423-ADE4-0A01CB749F9A}.Release|Any CPU.ActiveCfg = Release|Any CPU
		{E60ED87F-5FDF-4423-ADE4-0A01CB749F9A}.Release|Any CPU.Build.0 = Release|Any CPU
		{E60ED87F-5FDF-4423-ADE4-0A01CB749F9A}.Release|x64.ActiveCfg = Release|Any CPU
		{E60ED87F-5FDF-4423-ADE4-0A01CB749F9A}.Release|x64.Build.0 = Release|Any CPU
		{E60ED87F-5FDF-4423-ADE4-0A01CB749F9A}.Release|x86.ActiveCfg = Release|Any CPU
		{E60ED87F-5FDF-4423-ADE4-0A01CB749F9A}.Release|x86.Build.0 = Release|Any CPU
		{EB7D6A11-EC55-4961-A3E0-CC6C3347B8BB}.Debug|Any CPU.ActiveCfg = Debug|Any CPU
		{EB7D6A11-EC55-4961-A3E0-CC6C3347B8BB}.Debug|Any CPU.Build.0 = Debug|Any CPU
		{EB7D6A11-EC55-4961-A3E0-CC6C3347B8BB}.Debug|x64.ActiveCfg = Debug|Any CPU
		{EB7D6A11-EC55-4961-A3E0-CC6C3347B8BB}.Debug|x64.Build.0 = Debug|Any CPU
		{EB7D6A11-EC55-4961-A3E0-CC6C3347B8BB}.Debug|x86.ActiveCfg = Debug|Any CPU
		{EB7D6A11-EC55-4961-A3E0-CC6C3347B8BB}.Debug|x86.Build.0 = Debug|Any CPU
		{EB7D6A11-EC55-4961-A3E0-CC6C3347B8BB}.Release|Any CPU.ActiveCfg = Release|Any CPU
		{EB7D6A11-EC55-4961-A3E0-CC6C3347B8BB}.Release|Any CPU.Build.0 = Release|Any CPU
		{EB7D6A11-EC55-4961-A3E0-CC6C3347B8BB}.Release|x64.ActiveCfg = Release|Any CPU
		{EB7D6A11-EC55-4961-A3E0-CC6C3347B8BB}.Release|x64.Build.0 = Release|Any CPU
		{EB7D6A11-EC55-4961-A3E0-CC6C3347B8BB}.Release|x86.ActiveCfg = Release|Any CPU
		{EB7D6A11-EC55-4961-A3E0-CC6C3347B8BB}.Release|x86.Build.0 = Release|Any CPU
		{3C9AB66F-0874-4343-AC02-5B3D593D57FF}.Debug|Any CPU.ActiveCfg = Debug|Any CPU
		{3C9AB66F-0874-4343-AC02-5B3D593D57FF}.Debug|Any CPU.Build.0 = Debug|Any CPU
		{3C9AB66F-0874-4343-AC02-5B3D593D57FF}.Debug|x64.ActiveCfg = Debug|Any CPU
		{3C9AB66F-0874-4343-AC02-5B3D593D57FF}.Debug|x64.Build.0 = Debug|Any CPU
		{3C9AB66F-0874-4343-AC02-5B3D593D57FF}.Debug|x86.ActiveCfg = Debug|Any CPU
		{3C9AB66F-0874-4343-AC02-5B3D593D57FF}.Debug|x86.Build.0 = Debug|Any CPU
		{3C9AB66F-0874-4343-AC02-5B3D593D57FF}.Release|Any CPU.ActiveCfg = Release|Any CPU
		{3C9AB66F-0874-4343-AC02-5B3D593D57FF}.Release|Any CPU.Build.0 = Release|Any CPU
		{3C9AB66F-0874-4343-AC02-5B3D593D57FF}.Release|x64.ActiveCfg = Release|Any CPU
		{3C9AB66F-0874-4343-AC02-5B3D593D57FF}.Release|x64.Build.0 = Release|Any CPU
		{3C9AB66F-0874-4343-AC02-5B3D593D57FF}.Release|x86.ActiveCfg = Release|Any CPU
		{3C9AB66F-0874-4343-AC02-5B3D593D57FF}.Release|x86.Build.0 = Release|Any CPU
		{D0CBAD51-D90A-448A-BA9A-F84BFCC3FCE2}.Debug|Any CPU.ActiveCfg = Debug|Any CPU
		{D0CBAD51-D90A-448A-BA9A-F84BFCC3FCE2}.Debug|Any CPU.Build.0 = Debug|Any CPU
		{D0CBAD51-D90A-448A-BA9A-F84BFCC3FCE2}.Debug|x64.ActiveCfg = Debug|Any CPU
		{D0CBAD51-D90A-448A-BA9A-F84BFCC3FCE2}.Debug|x64.Build.0 = Debug|Any CPU
		{D0CBAD51-D90A-448A-BA9A-F84BFCC3FCE2}.Debug|x86.ActiveCfg = Debug|Any CPU
		{D0CBAD51-D90A-448A-BA9A-F84BFCC3FCE2}.Debug|x86.Build.0 = Debug|Any CPU
		{D0CBAD51-D90A-448A-BA9A-F84BFCC3FCE2}.Release|Any CPU.ActiveCfg = Release|Any CPU
		{D0CBAD51-D90A-448A-BA9A-F84BFCC3FCE2}.Release|Any CPU.Build.0 = Release|Any CPU
		{D0CBAD51-D90A-448A-BA9A-F84BFCC3FCE2}.Release|x64.ActiveCfg = Release|Any CPU
		{D0CBAD51-D90A-448A-BA9A-F84BFCC3FCE2}.Release|x64.Build.0 = Release|Any CPU
		{D0CBAD51-D90A-448A-BA9A-F84BFCC3FCE2}.Release|x86.ActiveCfg = Release|Any CPU
		{D0CBAD51-D90A-448A-BA9A-F84BFCC3FCE2}.Release|x86.Build.0 = Release|Any CPU
		{E105AFEF-8D57-49E3-AC55-1EBC82E16C63}.Debug|Any CPU.ActiveCfg = Debug|Any CPU
		{E105AFEF-8D57-49E3-AC55-1EBC82E16C63}.Debug|Any CPU.Build.0 = Debug|Any CPU
		{E105AFEF-8D57-49E3-AC55-1EBC82E16C63}.Debug|x64.ActiveCfg = Debug|Any CPU
		{E105AFEF-8D57-49E3-AC55-1EBC82E16C63}.Debug|x64.Build.0 = Debug|Any CPU
		{E105AFEF-8D57-49E3-AC55-1EBC82E16C63}.Debug|x86.ActiveCfg = Debug|Any CPU
		{E105AFEF-8D57-49E3-AC55-1EBC82E16C63}.Debug|x86.Build.0 = Debug|Any CPU
		{E105AFEF-8D57-49E3-AC55-1EBC82E16C63}.Release|Any CPU.ActiveCfg = Release|Any CPU
		{E105AFEF-8D57-49E3-AC55-1EBC82E16C63}.Release|Any CPU.Build.0 = Release|Any CPU
		{E105AFEF-8D57-49E3-AC55-1EBC82E16C63}.Release|x64.ActiveCfg = Release|Any CPU
		{E105AFEF-8D57-49E3-AC55-1EBC82E16C63}.Release|x64.Build.0 = Release|Any CPU
		{E105AFEF-8D57-49E3-AC55-1EBC82E16C63}.Release|x86.ActiveCfg = Release|Any CPU
		{E105AFEF-8D57-49E3-AC55-1EBC82E16C63}.Release|x86.Build.0 = Release|Any CPU
		{18C5C16D-C035-4016-9191-23EA0D226E1E}.Debug|Any CPU.ActiveCfg = Debug|Any CPU
		{18C5C16D-C035-4016-9191-23EA0D226E1E}.Debug|Any CPU.Build.0 = Debug|Any CPU
		{18C5C16D-C035-4016-9191-23EA0D226E1E}.Debug|x64.ActiveCfg = Debug|Any CPU
		{18C5C16D-C035-4016-9191-23EA0D226E1E}.Debug|x64.Build.0 = Debug|Any CPU
		{18C5C16D-C035-4016-9191-23EA0D226E1E}.Debug|x86.ActiveCfg = Debug|Any CPU
		{18C5C16D-C035-4016-9191-23EA0D226E1E}.Debug|x86.Build.0 = Debug|Any CPU
		{18C5C16D-C035-4016-9191-23EA0D226E1E}.Release|Any CPU.ActiveCfg = Release|Any CPU
		{18C5C16D-C035-4016-9191-23EA0D226E1E}.Release|Any CPU.Build.0 = Release|Any CPU
		{18C5C16D-C035-4016-9191-23EA0D226E1E}.Release|x64.ActiveCfg = Release|Any CPU
		{18C5C16D-C035-4016-9191-23EA0D226E1E}.Release|x64.Build.0 = Release|Any CPU
		{18C5C16D-C035-4016-9191-23EA0D226E1E}.Release|x86.ActiveCfg = Release|Any CPU
		{18C5C16D-C035-4016-9191-23EA0D226E1E}.Release|x86.Build.0 = Release|Any CPU
		{5F253E14-A01A-4655-8F65-9AD89EE20B84}.Debug|Any CPU.ActiveCfg = Debug|Any CPU
		{5F253E14-A01A-4655-8F65-9AD89EE20B84}.Debug|Any CPU.Build.0 = Debug|Any CPU
		{5F253E14-A01A-4655-8F65-9AD89EE20B84}.Debug|x64.ActiveCfg = Debug|Any CPU
		{5F253E14-A01A-4655-8F65-9AD89EE20B84}.Debug|x64.Build.0 = Debug|Any CPU
		{5F253E14-A01A-4655-8F65-9AD89EE20B84}.Debug|x86.ActiveCfg = Debug|Any CPU
		{5F253E14-A01A-4655-8F65-9AD89EE20B84}.Debug|x86.Build.0 = Debug|Any CPU
		{5F253E14-A01A-4655-8F65-9AD89EE20B84}.Release|Any CPU.ActiveCfg = Release|Any CPU
		{5F253E14-A01A-4655-8F65-9AD89EE20B84}.Release|Any CPU.Build.0 = Release|Any CPU
		{5F253E14-A01A-4655-8F65-9AD89EE20B84}.Release|x64.ActiveCfg = Release|Any CPU
		{5F253E14-A01A-4655-8F65-9AD89EE20B84}.Release|x64.Build.0 = Release|Any CPU
		{5F253E14-A01A-4655-8F65-9AD89EE20B84}.Release|x86.ActiveCfg = Release|Any CPU
		{5F253E14-A01A-4655-8F65-9AD89EE20B84}.Release|x86.Build.0 = Release|Any CPU
		{6707EB3E-965D-4165-9303-0C909D2BEAF0}.Debug|Any CPU.ActiveCfg = Debug|Any CPU
		{6707EB3E-965D-4165-9303-0C909D2BEAF0}.Debug|Any CPU.Build.0 = Debug|Any CPU
		{6707EB3E-965D-4165-9303-0C909D2BEAF0}.Debug|x64.ActiveCfg = Debug|Any CPU
		{6707EB3E-965D-4165-9303-0C909D2BEAF0}.Debug|x64.Build.0 = Debug|Any CPU
		{6707EB3E-965D-4165-9303-0C909D2BEAF0}.Debug|x86.ActiveCfg = Debug|Any CPU
		{6707EB3E-965D-4165-9303-0C909D2BEAF0}.Debug|x86.Build.0 = Debug|Any CPU
		{6707EB3E-965D-4165-9303-0C909D2BEAF0}.Release|Any CPU.ActiveCfg = Release|Any CPU
		{6707EB3E-965D-4165-9303-0C909D2BEAF0}.Release|Any CPU.Build.0 = Release|Any CPU
		{6707EB3E-965D-4165-9303-0C909D2BEAF0}.Release|x64.ActiveCfg = Release|Any CPU
		{6707EB3E-965D-4165-9303-0C909D2BEAF0}.Release|x64.Build.0 = Release|Any CPU
		{6707EB3E-965D-4165-9303-0C909D2BEAF0}.Release|x86.ActiveCfg = Release|Any CPU
		{6707EB3E-965D-4165-9303-0C909D2BEAF0}.Release|x86.Build.0 = Release|Any CPU
		{403700F1-6104-46AE-B32A-6C80C4452078}.Debug|Any CPU.ActiveCfg = Debug|Any CPU
		{403700F1-6104-46AE-B32A-6C80C4452078}.Debug|Any CPU.Build.0 = Debug|Any CPU
		{403700F1-6104-46AE-B32A-6C80C4452078}.Debug|x64.ActiveCfg = Debug|Any CPU
		{403700F1-6104-46AE-B32A-6C80C4452078}.Debug|x64.Build.0 = Debug|Any CPU
		{403700F1-6104-46AE-B32A-6C80C4452078}.Debug|x86.ActiveCfg = Debug|Any CPU
		{403700F1-6104-46AE-B32A-6C80C4452078}.Debug|x86.Build.0 = Debug|Any CPU
		{403700F1-6104-46AE-B32A-6C80C4452078}.Release|Any CPU.ActiveCfg = Release|Any CPU
		{403700F1-6104-46AE-B32A-6C80C4452078}.Release|Any CPU.Build.0 = Release|Any CPU
		{403700F1-6104-46AE-B32A-6C80C4452078}.Release|x64.ActiveCfg = Release|Any CPU
		{403700F1-6104-46AE-B32A-6C80C4452078}.Release|x64.Build.0 = Release|Any CPU
		{403700F1-6104-46AE-B32A-6C80C4452078}.Release|x86.ActiveCfg = Release|Any CPU
		{403700F1-6104-46AE-B32A-6C80C4452078}.Release|x86.Build.0 = Release|Any CPU
		{F180FF5A-458F-457E-899A-74265BF564D6}.Debug|Any CPU.ActiveCfg = Debug|Any CPU
		{F180FF5A-458F-457E-899A-74265BF564D6}.Debug|Any CPU.Build.0 = Debug|Any CPU
		{F180FF5A-458F-457E-899A-74265BF564D6}.Debug|x64.ActiveCfg = Debug|Any CPU
		{F180FF5A-458F-457E-899A-74265BF564D6}.Debug|x64.Build.0 = Debug|Any CPU
		{F180FF5A-458F-457E-899A-74265BF564D6}.Debug|x86.ActiveCfg = Debug|Any CPU
		{F180FF5A-458F-457E-899A-74265BF564D6}.Debug|x86.Build.0 = Debug|Any CPU
		{F180FF5A-458F-457E-899A-74265BF564D6}.Release|Any CPU.ActiveCfg = Release|Any CPU
		{F180FF5A-458F-457E-899A-74265BF564D6}.Release|Any CPU.Build.0 = Release|Any CPU
		{F180FF5A-458F-457E-899A-74265BF564D6}.Release|x64.ActiveCfg = Release|Any CPU
		{F180FF5A-458F-457E-899A-74265BF564D6}.Release|x64.Build.0 = Release|Any CPU
		{F180FF5A-458F-457E-899A-74265BF564D6}.Release|x86.ActiveCfg = Release|Any CPU
		{F180FF5A-458F-457E-899A-74265BF564D6}.Release|x86.Build.0 = Release|Any CPU
		{137F971A-B0CF-4D2D-A5CC-E540037AFD1D}.Debug|Any CPU.ActiveCfg = Debug|Any CPU
		{137F971A-B0CF-4D2D-A5CC-E540037AFD1D}.Debug|Any CPU.Build.0 = Debug|Any CPU
		{137F971A-B0CF-4D2D-A5CC-E540037AFD1D}.Debug|x64.ActiveCfg = Debug|Any CPU
		{137F971A-B0CF-4D2D-A5CC-E540037AFD1D}.Debug|x64.Build.0 = Debug|Any CPU
		{137F971A-B0CF-4D2D-A5CC-E540037AFD1D}.Debug|x86.ActiveCfg = Debug|Any CPU
		{137F971A-B0CF-4D2D-A5CC-E540037AFD1D}.Debug|x86.Build.0 = Debug|Any CPU
		{137F971A-B0CF-4D2D-A5CC-E540037AFD1D}.Release|Any CPU.ActiveCfg = Release|Any CPU
		{137F971A-B0CF-4D2D-A5CC-E540037AFD1D}.Release|Any CPU.Build.0 = Release|Any CPU
		{137F971A-B0CF-4D2D-A5CC-E540037AFD1D}.Release|x64.ActiveCfg = Release|Any CPU
		{137F971A-B0CF-4D2D-A5CC-E540037AFD1D}.Release|x64.Build.0 = Release|Any CPU
		{137F971A-B0CF-4D2D-A5CC-E540037AFD1D}.Release|x86.ActiveCfg = Release|Any CPU
		{137F971A-B0CF-4D2D-A5CC-E540037AFD1D}.Release|x86.Build.0 = Release|Any CPU
		{9FF2EA62-AAD0-4B96-BD25-BE6C8F65D979}.Debug|Any CPU.ActiveCfg = Debug|Any CPU
		{9FF2EA62-AAD0-4B96-BD25-BE6C8F65D979}.Debug|Any CPU.Build.0 = Debug|Any CPU
		{9FF2EA62-AAD0-4B96-BD25-BE6C8F65D979}.Debug|x64.ActiveCfg = Debug|Any CPU
		{9FF2EA62-AAD0-4B96-BD25-BE6C8F65D979}.Debug|x64.Build.0 = Debug|Any CPU
		{9FF2EA62-AAD0-4B96-BD25-BE6C8F65D979}.Debug|x86.ActiveCfg = Debug|Any CPU
		{9FF2EA62-AAD0-4B96-BD25-BE6C8F65D979}.Debug|x86.Build.0 = Debug|Any CPU
		{9FF2EA62-AAD0-4B96-BD25-BE6C8F65D979}.Release|Any CPU.ActiveCfg = Release|Any CPU
		{9FF2EA62-AAD0-4B96-BD25-BE6C8F65D979}.Release|Any CPU.Build.0 = Release|Any CPU
		{9FF2EA62-AAD0-4B96-BD25-BE6C8F65D979}.Release|x64.ActiveCfg = Release|Any CPU
		{9FF2EA62-AAD0-4B96-BD25-BE6C8F65D979}.Release|x64.Build.0 = Release|Any CPU
		{9FF2EA62-AAD0-4B96-BD25-BE6C8F65D979}.Release|x86.ActiveCfg = Release|Any CPU
		{9FF2EA62-AAD0-4B96-BD25-BE6C8F65D979}.Release|x86.Build.0 = Release|Any CPU
		{A8F9E6D2-1234-4567-89AB-CDEF01234567}.Debug|Any CPU.ActiveCfg = Debug|Any CPU
		{A8F9E6D2-1234-4567-89AB-CDEF01234567}.Debug|Any CPU.Build.0 = Debug|Any CPU
		{A8F9E6D2-1234-4567-89AB-CDEF01234567}.Debug|x64.ActiveCfg = Debug|Any CPU
		{A8F9E6D2-1234-4567-89AB-CDEF01234567}.Debug|x64.Build.0 = Debug|Any CPU
		{A8F9E6D2-1234-4567-89AB-CDEF01234567}.Debug|x86.ActiveCfg = Debug|Any CPU
		{A8F9E6D2-1234-4567-89AB-CDEF01234567}.Debug|x86.Build.0 = Debug|Any CPU
		{A8F9E6D2-1234-4567-89AB-CDEF01234567}.Release|Any CPU.ActiveCfg = Release|Any CPU
		{A8F9E6D2-1234-4567-89AB-CDEF01234567}.Release|Any CPU.Build.0 = Release|Any CPU
		{A8F9E6D2-1234-4567-89AB-CDEF01234567}.Release|x64.ActiveCfg = Release|Any CPU
		{A8F9E6D2-1234-4567-89AB-CDEF01234567}.Release|x64.Build.0 = Release|Any CPU
		{A8F9E6D2-1234-4567-89AB-CDEF01234567}.Release|x86.ActiveCfg = Release|Any CPU
		{A8F9E6D2-1234-4567-89AB-CDEF01234567}.Release|x86.Build.0 = Release|Any CPU
		{C1A2B3C4-D5E6-4F7A-8B9C-0D1E2F3A4B5C}.Debug|Any CPU.ActiveCfg = Debug|Any CPU
		{C1A2B3C4-D5E6-4F7A-8B9C-0D1E2F3A4B5C}.Debug|Any CPU.Build.0 = Debug|Any CPU
		{C1A2B3C4-D5E6-4F7A-8B9C-0D1E2F3A4B5C}.Debug|x64.ActiveCfg = Debug|Any CPU
		{C1A2B3C4-D5E6-4F7A-8B9C-0D1E2F3A4B5C}.Debug|x64.Build.0 = Debug|Any CPU
		{C1A2B3C4-D5E6-4F7A-8B9C-0D1E2F3A4B5C}.Debug|x86.ActiveCfg = Debug|Any CPU
		{C1A2B3C4-D5E6-4F7A-8B9C-0D1E2F3A4B5C}.Debug|x86.Build.0 = Debug|Any CPU
		{C1A2B3C4-D5E6-4F7A-8B9C-0D1E2F3A4B5C}.Release|Any CPU.ActiveCfg = Release|Any CPU
		{C1A2B3C4-D5E6-4F7A-8B9C-0D1E2F3A4B5C}.Release|Any CPU.Build.0 = Release|Any CPU
		{C1A2B3C4-D5E6-4F7A-8B9C-0D1E2F3A4B5C}.Release|x64.ActiveCfg = Release|Any CPU
		{C1A2B3C4-D5E6-4F7A-8B9C-0D1E2F3A4B5C}.Release|x64.Build.0 = Release|Any CPU
		{C1A2B3C4-D5E6-4F7A-8B9C-0D1E2F3A4B5C}.Release|x86.ActiveCfg = Release|Any CPU
		{C1A2B3C4-D5E6-4F7A-8B9C-0D1E2F3A4B5C}.Release|x86.Build.0 = Release|Any CPU
		{1E1E11E6-ED0E-4AB0-BF25-168181B65588}.Debug|Any CPU.ActiveCfg = Debug|Any CPU
		{1E1E11E6-ED0E-4AB0-BF25-168181B65588}.Debug|Any CPU.Build.0 = Debug|Any CPU
		{1E1E11E6-ED0E-4AB0-BF25-168181B65588}.Debug|x64.ActiveCfg = Debug|Any CPU
		{1E1E11E6-ED0E-4AB0-BF25-168181B65588}.Debug|x64.Build.0 = Debug|Any CPU
		{1E1E11E6-ED0E-4AB0-BF25-168181B65588}.Debug|x86.ActiveCfg = Debug|Any CPU
		{1E1E11E6-ED0E-4AB0-BF25-168181B65588}.Debug|x86.Build.0 = Debug|Any CPU
		{1E1E11E6-ED0E-4AB0-BF25-168181B65588}.Release|Any CPU.ActiveCfg = Release|Any CPU
		{1E1E11E6-ED0E-4AB0-BF25-168181B65588}.Release|Any CPU.Build.0 = Release|Any CPU
		{1E1E11E6-ED0E-4AB0-BF25-168181B65588}.Release|x64.ActiveCfg = Release|Any CPU
		{1E1E11E6-ED0E-4AB0-BF25-168181B65588}.Release|x64.Build.0 = Release|Any CPU
		{1E1E11E6-ED0E-4AB0-BF25-168181B65588}.Release|x86.ActiveCfg = Release|Any CPU
		{1E1E11E6-ED0E-4AB0-BF25-168181B65588}.Release|x86.Build.0 = Release|Any CPU
		{748102AD-A622-4F39-8093-3625A7E3DC37}.Debug|Any CPU.ActiveCfg = Debug|Any CPU
		{748102AD-A622-4F39-8093-3625A7E3DC37}.Debug|Any CPU.Build.0 = Debug|Any CPU
		{748102AD-A622-4F39-8093-3625A7E3DC37}.Debug|x64.ActiveCfg = Debug|Any CPU
		{748102AD-A622-4F39-8093-3625A7E3DC37}.Debug|x64.Build.0 = Debug|Any CPU
		{748102AD-A622-4F39-8093-3625A7E3DC37}.Debug|x86.ActiveCfg = Debug|Any CPU
		{748102AD-A622-4F39-8093-3625A7E3DC37}.Debug|x86.Build.0 = Debug|Any CPU
		{748102AD-A622-4F39-8093-3625A7E3DC37}.Release|Any CPU.ActiveCfg = Release|Any CPU
		{748102AD-A622-4F39-8093-3625A7E3DC37}.Release|Any CPU.Build.0 = Release|Any CPU
		{748102AD-A622-4F39-8093-3625A7E3DC37}.Release|x64.ActiveCfg = Release|Any CPU
		{748102AD-A622-4F39-8093-3625A7E3DC37}.Release|x64.Build.0 = Release|Any CPU
		{748102AD-A622-4F39-8093-3625A7E3DC37}.Release|x86.ActiveCfg = Release|Any CPU
		{748102AD-A622-4F39-8093-3625A7E3DC37}.Release|x86.Build.0 = Release|Any CPU
		{437E1956-AE32-4706-B911-0060546219DB}.Debug|Any CPU.ActiveCfg = Debug|Any CPU
		{437E1956-AE32-4706-B911-0060546219DB}.Debug|Any CPU.Build.0 = Debug|Any CPU
		{437E1956-AE32-4706-B911-0060546219DB}.Debug|x64.ActiveCfg = Debug|Any CPU
		{437E1956-AE32-4706-B911-0060546219DB}.Debug|x64.Build.0 = Debug|Any CPU
		{437E1956-AE32-4706-B911-0060546219DB}.Debug|x86.ActiveCfg = Debug|Any CPU
		{437E1956-AE32-4706-B911-0060546219DB}.Debug|x86.Build.0 = Debug|Any CPU
		{437E1956-AE32-4706-B911-0060546219DB}.Release|Any CPU.ActiveCfg = Release|Any CPU
		{437E1956-AE32-4706-B911-0060546219DB}.Release|Any CPU.Build.0 = Release|Any CPU
		{437E1956-AE32-4706-B911-0060546219DB}.Release|x64.ActiveCfg = Release|Any CPU
		{437E1956-AE32-4706-B911-0060546219DB}.Release|x64.Build.0 = Release|Any CPU
		{437E1956-AE32-4706-B911-0060546219DB}.Release|x86.ActiveCfg = Release|Any CPU
		{437E1956-AE32-4706-B911-0060546219DB}.Release|x86.Build.0 = Release|Any CPU
		{35B7A915-D464-417A-8C1B-4207F30A9E97}.Debug|Any CPU.ActiveCfg = Debug|Any CPU
		{35B7A915-D464-417A-8C1B-4207F30A9E97}.Debug|Any CPU.Build.0 = Debug|Any CPU
		{35B7A915-D464-417A-8C1B-4207F30A9E97}.Debug|x64.ActiveCfg = Debug|Any CPU
		{35B7A915-D464-417A-8C1B-4207F30A9E97}.Debug|x64.Build.0 = Debug|Any CPU
		{35B7A915-D464-417A-8C1B-4207F30A9E97}.Debug|x86.ActiveCfg = Debug|Any CPU
		{35B7A915-D464-417A-8C1B-4207F30A9E97}.Debug|x86.Build.0 = Debug|Any CPU
		{35B7A915-D464-417A-8C1B-4207F30A9E97}.Release|Any CPU.ActiveCfg = Release|Any CPU
		{35B7A915-D464-417A-8C1B-4207F30A9E97}.Release|Any CPU.Build.0 = Release|Any CPU
		{35B7A915-D464-417A-8C1B-4207F30A9E97}.Release|x64.ActiveCfg = Release|Any CPU
		{35B7A915-D464-417A-8C1B-4207F30A9E97}.Release|x64.Build.0 = Release|Any CPU
		{35B7A915-D464-417A-8C1B-4207F30A9E97}.Release|x86.ActiveCfg = Release|Any CPU
		{35B7A915-D464-417A-8C1B-4207F30A9E97}.Release|x86.Build.0 = Release|Any CPU
		{7A8B9C0D-1E2F-3A4B-5C6D-7E8F9A0B1C2D}.Debug|Any CPU.ActiveCfg = Debug|Any CPU
		{7A8B9C0D-1E2F-3A4B-5C6D-7E8F9A0B1C2D}.Debug|Any CPU.Build.0 = Debug|Any CPU
		{7A8B9C0D-1E2F-3A4B-5C6D-7E8F9A0B1C2D}.Debug|x64.ActiveCfg = Debug|Any CPU
		{7A8B9C0D-1E2F-3A4B-5C6D-7E8F9A0B1C2D}.Debug|x64.Build.0 = Debug|Any CPU
		{7A8B9C0D-1E2F-3A4B-5C6D-7E8F9A0B1C2D}.Debug|x86.ActiveCfg = Debug|Any CPU
		{7A8B9C0D-1E2F-3A4B-5C6D-7E8F9A0B1C2D}.Debug|x86.Build.0 = Debug|Any CPU
		{7A8B9C0D-1E2F-3A4B-5C6D-7E8F9A0B1C2D}.Release|Any CPU.ActiveCfg = Release|Any CPU
		{7A8B9C0D-1E2F-3A4B-5C6D-7E8F9A0B1C2D}.Release|Any CPU.Build.0 = Release|Any CPU
		{7A8B9C0D-1E2F-3A4B-5C6D-7E8F9A0B1C2D}.Release|x64.ActiveCfg = Release|Any CPU
		{7A8B9C0D-1E2F-3A4B-5C6D-7E8F9A0B1C2D}.Release|x64.Build.0 = Release|Any CPU
		{7A8B9C0D-1E2F-3A4B-5C6D-7E8F9A0B1C2D}.Release|x86.ActiveCfg = Release|Any CPU
		{7A8B9C0D-1E2F-3A4B-5C6D-7E8F9A0B1C2D}.Release|x86.Build.0 = Release|Any CPU
		{8B9C0D1E-2F3A-4B5C-6D7E-8F9A0B1C2D3E}.Debug|Any CPU.ActiveCfg = Debug|Any CPU
		{8B9C0D1E-2F3A-4B5C-6D7E-8F9A0B1C2D3E}.Debug|Any CPU.Build.0 = Debug|Any CPU
		{8B9C0D1E-2F3A-4B5C-6D7E-8F9A0B1C2D3E}.Debug|x64.ActiveCfg = Debug|Any CPU
		{8B9C0D1E-2F3A-4B5C-6D7E-8F9A0B1C2D3E}.Debug|x64.Build.0 = Debug|Any CPU
		{8B9C0D1E-2F3A-4B5C-6D7E-8F9A0B1C2D3E}.Debug|x86.ActiveCfg = Debug|Any CPU
		{8B9C0D1E-2F3A-4B5C-6D7E-8F9A0B1C2D3E}.Debug|x86.Build.0 = Debug|Any CPU
		{8B9C0D1E-2F3A-4B5C-6D7E-8F9A0B1C2D3E}.Release|Any CPU.ActiveCfg = Release|Any CPU
		{8B9C0D1E-2F3A-4B5C-6D7E-8F9A0B1C2D3E}.Release|Any CPU.Build.0 = Release|Any CPU
		{8B9C0D1E-2F3A-4B5C-6D7E-8F9A0B1C2D3E}.Release|x64.ActiveCfg = Release|Any CPU
		{8B9C0D1E-2F3A-4B5C-6D7E-8F9A0B1C2D3E}.Release|x64.Build.0 = Release|Any CPU
		{8B9C0D1E-2F3A-4B5C-6D7E-8F9A0B1C2D3E}.Release|x86.ActiveCfg = Release|Any CPU
		{8B9C0D1E-2F3A-4B5C-6D7E-8F9A0B1C2D3E}.Release|x86.Build.0 = Release|Any CPU
		{239932FC-DEBC-4792-8425-04BF21D8D20C}.Debug|Any CPU.ActiveCfg = Debug|Any CPU
		{239932FC-DEBC-4792-8425-04BF21D8D20C}.Debug|Any CPU.Build.0 = Debug|Any CPU
		{239932FC-DEBC-4792-8425-04BF21D8D20C}.Debug|x64.ActiveCfg = Debug|Any CPU
		{239932FC-DEBC-4792-8425-04BF21D8D20C}.Debug|x64.Build.0 = Debug|Any CPU
		{239932FC-DEBC-4792-8425-04BF21D8D20C}.Debug|x86.ActiveCfg = Debug|Any CPU
		{239932FC-DEBC-4792-8425-04BF21D8D20C}.Debug|x86.Build.0 = Debug|Any CPU
		{239932FC-DEBC-4792-8425-04BF21D8D20C}.Release|Any CPU.ActiveCfg = Release|Any CPU
		{239932FC-DEBC-4792-8425-04BF21D8D20C}.Release|Any CPU.Build.0 = Release|Any CPU
		{239932FC-DEBC-4792-8425-04BF21D8D20C}.Release|x64.ActiveCfg = Release|Any CPU
		{239932FC-DEBC-4792-8425-04BF21D8D20C}.Release|x64.Build.0 = Release|Any CPU
		{239932FC-DEBC-4792-8425-04BF21D8D20C}.Release|x86.ActiveCfg = Release|Any CPU
		{239932FC-DEBC-4792-8425-04BF21D8D20C}.Release|x86.Build.0 = Release|Any CPU
		{A21B4396-E853-4CD7-A5C1-43F4C97C5331}.Debug|Any CPU.ActiveCfg = Debug|Any CPU
		{A21B4396-E853-4CD7-A5C1-43F4C97C5331}.Debug|Any CPU.Build.0 = Debug|Any CPU
		{A21B4396-E853-4CD7-A5C1-43F4C97C5331}.Debug|x64.ActiveCfg = Debug|Any CPU
		{A21B4396-E853-4CD7-A5C1-43F4C97C5331}.Debug|x64.Build.0 = Debug|Any CPU
		{A21B4396-E853-4CD7-A5C1-43F4C97C5331}.Debug|x86.ActiveCfg = Debug|Any CPU
		{A21B4396-E853-4CD7-A5C1-43F4C97C5331}.Debug|x86.Build.0 = Debug|Any CPU
		{A21B4396-E853-4CD7-A5C1-43F4C97C5331}.Release|Any CPU.ActiveCfg = Release|Any CPU
		{A21B4396-E853-4CD7-A5C1-43F4C97C5331}.Release|Any CPU.Build.0 = Release|Any CPU
		{A21B4396-E853-4CD7-A5C1-43F4C97C5331}.Release|x64.ActiveCfg = Release|Any CPU
		{A21B4396-E853-4CD7-A5C1-43F4C97C5331}.Release|x64.Build.0 = Release|Any CPU
		{A21B4396-E853-4CD7-A5C1-43F4C97C5331}.Release|x86.ActiveCfg = Release|Any CPU
		{A21B4396-E853-4CD7-A5C1-43F4C97C5331}.Release|x86.Build.0 = Release|Any CPU
		{12345678-ABCD-1234-ABCD-1234567890AB}.Debug|Any CPU.ActiveCfg = Debug|Any CPU
		{12345678-ABCD-1234-ABCD-1234567890AB}.Debug|Any CPU.Build.0 = Debug|Any CPU
		{12345678-ABCD-1234-ABCD-1234567890AB}.Debug|x64.ActiveCfg = Debug|Any CPU
		{12345678-ABCD-1234-ABCD-1234567890AB}.Debug|x64.Build.0 = Debug|Any CPU
		{12345678-ABCD-1234-ABCD-1234567890AB}.Debug|x86.ActiveCfg = Debug|Any CPU
		{12345678-ABCD-1234-ABCD-1234567890AB}.Debug|x86.Build.0 = Debug|Any CPU
		{12345678-ABCD-1234-ABCD-1234567890AB}.Release|Any CPU.ActiveCfg = Release|Any CPU
		{12345678-ABCD-1234-ABCD-1234567890AB}.Release|Any CPU.Build.0 = Release|Any CPU
		{12345678-ABCD-1234-ABCD-1234567890AB}.Release|x64.ActiveCfg = Release|Any CPU
		{12345678-ABCD-1234-ABCD-1234567890AB}.Release|x64.Build.0 = Release|Any CPU
		{12345678-ABCD-1234-ABCD-1234567890AB}.Release|x86.ActiveCfg = Release|Any CPU
		{12345678-ABCD-1234-ABCD-1234567890AB}.Release|x86.Build.0 = Release|Any CPU
		{14952C1C-C2BF-4345-87FB-08F2F39509AD}.Debug|Any CPU.ActiveCfg = Debug|Any CPU
		{14952C1C-C2BF-4345-87FB-08F2F39509AD}.Debug|Any CPU.Build.0 = Debug|Any CPU
		{14952C1C-C2BF-4345-87FB-08F2F39509AD}.Debug|x64.ActiveCfg = Debug|Any CPU
		{14952C1C-C2BF-4345-87FB-08F2F39509AD}.Debug|x64.Build.0 = Debug|Any CPU
		{14952C1C-C2BF-4345-87FB-08F2F39509AD}.Debug|x86.ActiveCfg = Debug|Any CPU
		{14952C1C-C2BF-4345-87FB-08F2F39509AD}.Debug|x86.Build.0 = Debug|Any CPU
		{14952C1C-C2BF-4345-87FB-08F2F39509AD}.Release|Any CPU.ActiveCfg = Release|Any CPU
		{14952C1C-C2BF-4345-87FB-08F2F39509AD}.Release|Any CPU.Build.0 = Release|Any CPU
		{14952C1C-C2BF-4345-87FB-08F2F39509AD}.Release|x64.ActiveCfg = Release|Any CPU
		{14952C1C-C2BF-4345-87FB-08F2F39509AD}.Release|x64.Build.0 = Release|Any CPU
		{14952C1C-C2BF-4345-87FB-08F2F39509AD}.Release|x86.ActiveCfg = Release|Any CPU
		{14952C1C-C2BF-4345-87FB-08F2F39509AD}.Release|x86.Build.0 = Release|Any CPU
		{CE3FA5DB-39FE-4842-985C-039757E96C49}.Debug|Any CPU.ActiveCfg = Debug|Any CPU
		{CE3FA5DB-39FE-4842-985C-039757E96C49}.Debug|Any CPU.Build.0 = Debug|Any CPU
		{CE3FA5DB-39FE-4842-985C-039757E96C49}.Debug|x64.ActiveCfg = Debug|Any CPU
		{CE3FA5DB-39FE-4842-985C-039757E96C49}.Debug|x64.Build.0 = Debug|Any CPU
		{CE3FA5DB-39FE-4842-985C-039757E96C49}.Debug|x86.ActiveCfg = Debug|Any CPU
		{CE3FA5DB-39FE-4842-985C-039757E96C49}.Debug|x86.Build.0 = Debug|Any CPU
		{CE3FA5DB-39FE-4842-985C-039757E96C49}.Release|Any CPU.ActiveCfg = Release|Any CPU
		{CE3FA5DB-39FE-4842-985C-039757E96C49}.Release|Any CPU.Build.0 = Release|Any CPU
		{CE3FA5DB-39FE-4842-985C-039757E96C49}.Release|x64.ActiveCfg = Release|Any CPU
		{CE3FA5DB-39FE-4842-985C-039757E96C49}.Release|x64.Build.0 = Release|Any CPU
		{CE3FA5DB-39FE-4842-985C-039757E96C49}.Release|x86.ActiveCfg = Release|Any CPU
		{CE3FA5DB-39FE-4842-985C-039757E96C49}.Release|x86.Build.0 = Release|Any CPU
		{EBA2E610-B10A-44D8-9AF0-1D7A7F48B36B}.Debug|Any CPU.ActiveCfg = Debug|Any CPU
		{EBA2E610-B10A-44D8-9AF0-1D7A7F48B36B}.Debug|Any CPU.Build.0 = Debug|Any CPU
		{EBA2E610-B10A-44D8-9AF0-1D7A7F48B36B}.Debug|x64.ActiveCfg = Debug|Any CPU
		{EBA2E610-B10A-44D8-9AF0-1D7A7F48B36B}.Debug|x64.Build.0 = Debug|Any CPU
		{EBA2E610-B10A-44D8-9AF0-1D7A7F48B36B}.Debug|x86.ActiveCfg = Debug|Any CPU
		{EBA2E610-B10A-44D8-9AF0-1D7A7F48B36B}.Debug|x86.Build.0 = Debug|Any CPU
		{EBA2E610-B10A-44D8-9AF0-1D7A7F48B36B}.Release|Any CPU.ActiveCfg = Release|Any CPU
		{EBA2E610-B10A-44D8-9AF0-1D7A7F48B36B}.Release|Any CPU.Build.0 = Release|Any CPU
		{EBA2E610-B10A-44D8-9AF0-1D7A7F48B36B}.Release|x64.ActiveCfg = Release|Any CPU
		{EBA2E610-B10A-44D8-9AF0-1D7A7F48B36B}.Release|x64.Build.0 = Release|Any CPU
		{EBA2E610-B10A-44D8-9AF0-1D7A7F48B36B}.Release|x86.ActiveCfg = Release|Any CPU
		{EBA2E610-B10A-44D8-9AF0-1D7A7F48B36B}.Release|x86.Build.0 = Release|Any CPU
		{DF808644-F4D7-4881-A4EA-A035CF1C7988}.Debug|Any CPU.ActiveCfg = Debug|Any CPU
		{DF808644-F4D7-4881-A4EA-A035CF1C7988}.Debug|Any CPU.Build.0 = Debug|Any CPU
		{DF808644-F4D7-4881-A4EA-A035CF1C7988}.Debug|x64.ActiveCfg = Debug|Any CPU
		{DF808644-F4D7-4881-A4EA-A035CF1C7988}.Debug|x64.Build.0 = Debug|Any CPU
		{DF808644-F4D7-4881-A4EA-A035CF1C7988}.Debug|x86.ActiveCfg = Debug|Any CPU
		{DF808644-F4D7-4881-A4EA-A035CF1C7988}.Debug|x86.Build.0 = Debug|Any CPU
		{DF808644-F4D7-4881-A4EA-A035CF1C7988}.Release|Any CPU.ActiveCfg = Release|Any CPU
		{DF808644-F4D7-4881-A4EA-A035CF1C7988}.Release|Any CPU.Build.0 = Release|Any CPU
		{DF808644-F4D7-4881-A4EA-A035CF1C7988}.Release|x64.ActiveCfg = Release|Any CPU
		{DF808644-F4D7-4881-A4EA-A035CF1C7988}.Release|x64.Build.0 = Release|Any CPU
		{DF808644-F4D7-4881-A4EA-A035CF1C7988}.Release|x86.ActiveCfg = Release|Any CPU
		{DF808644-F4D7-4881-A4EA-A035CF1C7988}.Release|x86.Build.0 = Release|Any CPU
		{5BB5EC43-5EF6-4FC9-878A-1F30E2930CCF}.Debug|Any CPU.ActiveCfg = Debug|Any CPU
		{5BB5EC43-5EF6-4FC9-878A-1F30E2930CCF}.Debug|Any CPU.Build.0 = Debug|Any CPU
		{5BB5EC43-5EF6-4FC9-878A-1F30E2930CCF}.Debug|x64.ActiveCfg = Debug|Any CPU
		{5BB5EC43-5EF6-4FC9-878A-1F30E2930CCF}.Debug|x64.Build.0 = Debug|Any CPU
		{5BB5EC43-5EF6-4FC9-878A-1F30E2930CCF}.Debug|x86.ActiveCfg = Debug|Any CPU
		{5BB5EC43-5EF6-4FC9-878A-1F30E2930CCF}.Debug|x86.Build.0 = Debug|Any CPU
		{5BB5EC43-5EF6-4FC9-878A-1F30E2930CCF}.Release|Any CPU.ActiveCfg = Release|Any CPU
		{5BB5EC43-5EF6-4FC9-878A-1F30E2930CCF}.Release|Any CPU.Build.0 = Release|Any CPU
		{5BB5EC43-5EF6-4FC9-878A-1F30E2930CCF}.Release|x64.ActiveCfg = Release|Any CPU
		{5BB5EC43-5EF6-4FC9-878A-1F30E2930CCF}.Release|x64.Build.0 = Release|Any CPU
		{5BB5EC43-5EF6-4FC9-878A-1F30E2930CCF}.Release|x86.ActiveCfg = Release|Any CPU
		{5BB5EC43-5EF6-4FC9-878A-1F30E2930CCF}.Release|x86.Build.0 = Release|Any CPU
		{35A5F3CE-4BBA-4B9D-804B-5526A2A6911F}.Debug|Any CPU.ActiveCfg = Debug|Any CPU
		{35A5F3CE-4BBA-4B9D-804B-5526A2A6911F}.Debug|Any CPU.Build.0 = Debug|Any CPU
		{35A5F3CE-4BBA-4B9D-804B-5526A2A6911F}.Debug|x64.ActiveCfg = Debug|Any CPU
		{35A5F3CE-4BBA-4B9D-804B-5526A2A6911F}.Debug|x64.Build.0 = Debug|Any CPU
		{35A5F3CE-4BBA-4B9D-804B-5526A2A6911F}.Debug|x86.ActiveCfg = Debug|Any CPU
		{35A5F3CE-4BBA-4B9D-804B-5526A2A6911F}.Debug|x86.Build.0 = Debug|Any CPU
		{35A5F3CE-4BBA-4B9D-804B-5526A2A6911F}.Release|Any CPU.ActiveCfg = Release|Any CPU
		{35A5F3CE-4BBA-4B9D-804B-5526A2A6911F}.Release|Any CPU.Build.0 = Release|Any CPU
		{35A5F3CE-4BBA-4B9D-804B-5526A2A6911F}.Release|x64.ActiveCfg = Release|Any CPU
		{35A5F3CE-4BBA-4B9D-804B-5526A2A6911F}.Release|x64.Build.0 = Release|Any CPU
		{35A5F3CE-4BBA-4B9D-804B-5526A2A6911F}.Release|x86.ActiveCfg = Release|Any CPU
		{35A5F3CE-4BBA-4B9D-804B-5526A2A6911F}.Release|x86.Build.0 = Release|Any CPU
		{8FD343A9-23D3-4FD4-9D96-AD18ABFEF4EB}.Debug|Any CPU.ActiveCfg = Debug|Any CPU
		{8FD343A9-23D3-4FD4-9D96-AD18ABFEF4EB}.Debug|Any CPU.Build.0 = Debug|Any CPU
		{8FD343A9-23D3-4FD4-9D96-AD18ABFEF4EB}.Debug|x64.ActiveCfg = Debug|Any CPU
		{8FD343A9-23D3-4FD4-9D96-AD18ABFEF4EB}.Debug|x64.Build.0 = Debug|Any CPU
		{8FD343A9-23D3-4FD4-9D96-AD18ABFEF4EB}.Debug|x86.ActiveCfg = Debug|Any CPU
		{8FD343A9-23D3-4FD4-9D96-AD18ABFEF4EB}.Debug|x86.Build.0 = Debug|Any CPU
		{8FD343A9-23D3-4FD4-9D96-AD18ABFEF4EB}.Release|Any CPU.ActiveCfg = Release|Any CPU
		{8FD343A9-23D3-4FD4-9D96-AD18ABFEF4EB}.Release|Any CPU.Build.0 = Release|Any CPU
		{8FD343A9-23D3-4FD4-9D96-AD18ABFEF4EB}.Release|x64.ActiveCfg = Release|Any CPU
		{8FD343A9-23D3-4FD4-9D96-AD18ABFEF4EB}.Release|x64.Build.0 = Release|Any CPU
		{8FD343A9-23D3-4FD4-9D96-AD18ABFEF4EB}.Release|x86.ActiveCfg = Release|Any CPU
		{8FD343A9-23D3-4FD4-9D96-AD18ABFEF4EB}.Release|x86.Build.0 = Release|Any CPU
		{76553D6C-24A5-4FA5-AE0C-75AE0470F692}.Debug|Any CPU.ActiveCfg = Debug|Any CPU
		{76553D6C-24A5-4FA5-AE0C-75AE0470F692}.Debug|Any CPU.Build.0 = Debug|Any CPU
		{76553D6C-24A5-4FA5-AE0C-75AE0470F692}.Debug|x64.ActiveCfg = Debug|Any CPU
		{76553D6C-24A5-4FA5-AE0C-75AE0470F692}.Debug|x64.Build.0 = Debug|Any CPU
		{76553D6C-24A5-4FA5-AE0C-75AE0470F692}.Debug|x86.ActiveCfg = Debug|Any CPU
		{76553D6C-24A5-4FA5-AE0C-75AE0470F692}.Debug|x86.Build.0 = Debug|Any CPU
		{76553D6C-24A5-4FA5-AE0C-75AE0470F692}.Release|Any CPU.ActiveCfg = Release|Any CPU
		{76553D6C-24A5-4FA5-AE0C-75AE0470F692}.Release|Any CPU.Build.0 = Release|Any CPU
		{76553D6C-24A5-4FA5-AE0C-75AE0470F692}.Release|x64.ActiveCfg = Release|Any CPU
		{76553D6C-24A5-4FA5-AE0C-75AE0470F692}.Release|x64.Build.0 = Release|Any CPU
		{76553D6C-24A5-4FA5-AE0C-75AE0470F692}.Release|x86.ActiveCfg = Release|Any CPU
		{76553D6C-24A5-4FA5-AE0C-75AE0470F692}.Release|x86.Build.0 = Release|Any CPU
		{155BB24E-D306-43F1-90E1-EC9C58542BF0}.Debug|Any CPU.ActiveCfg = Debug|Any CPU
		{155BB24E-D306-43F1-90E1-EC9C58542BF0}.Debug|Any CPU.Build.0 = Debug|Any CPU
		{155BB24E-D306-43F1-90E1-EC9C58542BF0}.Debug|x64.ActiveCfg = Debug|Any CPU
		{155BB24E-D306-43F1-90E1-EC9C58542BF0}.Debug|x64.Build.0 = Debug|Any CPU
		{155BB24E-D306-43F1-90E1-EC9C58542BF0}.Debug|x86.ActiveCfg = Debug|Any CPU
		{155BB24E-D306-43F1-90E1-EC9C58542BF0}.Debug|x86.Build.0 = Debug|Any CPU
		{155BB24E-D306-43F1-90E1-EC9C58542BF0}.Release|Any CPU.ActiveCfg = Release|Any CPU
		{155BB24E-D306-43F1-90E1-EC9C58542BF0}.Release|Any CPU.Build.0 = Release|Any CPU
		{155BB24E-D306-43F1-90E1-EC9C58542BF0}.Release|x64.ActiveCfg = Release|Any CPU
		{155BB24E-D306-43F1-90E1-EC9C58542BF0}.Release|x64.Build.0 = Release|Any CPU
		{155BB24E-D306-43F1-90E1-EC9C58542BF0}.Release|x86.ActiveCfg = Release|Any CPU
		{155BB24E-D306-43F1-90E1-EC9C58542BF0}.Release|x86.Build.0 = Release|Any CPU
		{9A2A486B-060F-4456-B4EA-46EB7FBEEAC6}.Debug|Any CPU.ActiveCfg = Debug|Any CPU
		{9A2A486B-060F-4456-B4EA-46EB7FBEEAC6}.Debug|Any CPU.Build.0 = Debug|Any CPU
		{9A2A486B-060F-4456-B4EA-46EB7FBEEAC6}.Debug|x64.ActiveCfg = Debug|Any CPU
		{9A2A486B-060F-4456-B4EA-46EB7FBEEAC6}.Debug|x64.Build.0 = Debug|Any CPU
		{9A2A486B-060F-4456-B4EA-46EB7FBEEAC6}.Debug|x86.ActiveCfg = Debug|Any CPU
		{9A2A486B-060F-4456-B4EA-46EB7FBEEAC6}.Debug|x86.Build.0 = Debug|Any CPU
		{9A2A486B-060F-4456-B4EA-46EB7FBEEAC6}.Release|Any CPU.ActiveCfg = Release|Any CPU
		{9A2A486B-060F-4456-B4EA-46EB7FBEEAC6}.Release|Any CPU.Build.0 = Release|Any CPU
		{9A2A486B-060F-4456-B4EA-46EB7FBEEAC6}.Release|x64.ActiveCfg = Release|Any CPU
		{9A2A486B-060F-4456-B4EA-46EB7FBEEAC6}.Release|x64.Build.0 = Release|Any CPU
		{9A2A486B-060F-4456-B4EA-46EB7FBEEAC6}.Release|x86.ActiveCfg = Release|Any CPU
		{9A2A486B-060F-4456-B4EA-46EB7FBEEAC6}.Release|x86.Build.0 = Release|Any CPU
	EndGlobalSection
	GlobalSection(SolutionProperties) = preSolution
		HideSolutionNode = FALSE
	EndGlobalSection
	GlobalSection(NestedProjects) = preSolution
		{437E1956-AE32-4706-B911-0060546219DB} = {3BB90B7A-9D1A-4BF7-B070-5940BDC00C3A}
		{35B7A915-D464-417A-8C1B-4207F30A9E97} = {3BB90B7A-9D1A-4BF7-B070-5940BDC00C3A}
		{8E41D6C3-E042-4C06-B700-A00D6210B0E7} = {E903038C-2864-4E68-942D-CBA700538164}
		{5BB5EC43-5EF6-4FC9-878A-1F30E2930CCF} = {2A9DC317-7F4C-46CC-B84A-B0D46F88B070}
		{DF808644-F4D7-4881-A4EA-A035CF1C7988} = {2A9DC317-7F4C-46CC-B84A-B0D46F88B070}
		{35A5F3CE-4BBA-4B9D-804B-5526A2A6911F} = {2C20A17E-D561-4403-9E29-7218E34150F1}
		{8FD343A9-23D3-4FD4-9D96-AD18ABFEF4EB} = {2C20A17E-D561-4403-9E29-7218E34150F1}
		{76553D6C-24A5-4FA5-AE0C-75AE0470F692} = {2C20A17E-D561-4403-9E29-7218E34150F1}
		{155BB24E-D306-43F1-90E1-EC9C58542BF0} = {2A9DC317-7F4C-46CC-B84A-B0D46F88B070}
		{9A2A486B-060F-4456-B4EA-46EB7FBEEAC6} = {2A9DC317-7F4C-46CC-B84A-B0D46F88B070}
	EndGlobalSection
EndGlobal
